
Microsoft Visual Studio Solution File, Format Version 12.00
# Visual Studio Version 16
VisualStudioVersion = 16.0.34931.43
MinimumVisualStudioVersion = 10.0.40219.1
Project("{FAE04EC0-301F-11D3-BF4B-00C04F79EFBC}") = "UftDeveloperDataTransfer", "UftDeveloperDataTransfer\UftDeveloperDataTransfer.csproj", "{13384AE4-F231-4AA9-BC64-4EEB79A7C08D}"
EndProject
Global
	GlobalSection(SolutionConfigurationPlatforms) = preSolution
		Debug|Any CPU = Debug|Any CPU
		Release|Any CPU = Release|Any CPU
	EndGlobalSection
	GlobalSection(ProjectConfigurationPlatforms) = postSolution
		{13384AE4-F231-4AA9-BC64-4EEB79A7C08D}.Debug|Any CPU.ActiveCfg = Debug|Any CPU
		{13384AE4-F231-4AA9-BC64-4EEB79A7C08D}.Debug|Any CPU.Build.0 = Debug|Any CPU
		{13384AE4-F231-4AA9-BC64-4EEB79A7C08D}.Release|Any CPU.ActiveCfg = Release|Any CPU
		{13384AE4-F231-4AA9-BC64-4EEB79A7C08D}.Release|Any CPU.Build.0 = Release|Any CPU
	EndGlobalSection
	GlobalSection(SolutionProperties) = preSolution
		HideSolutionNode = FALSE
	EndGlobalSection
	GlobalSection(ExtensibilityGlobals) = postSolution
		SolutionGuid = {A267774F-1D5B-4294-9AD2-A7460B93E09F}
	EndGlobalSection
EndGlobal
